PODS:
  - Flutter (1.0.0)
  - flutter_js (0.1.0):
    - Flutter
  - rust_lib_post_lens (0.0.1):
    - Flutter

DEPENDENCIES:
  - Flutter (from `Flutter`)
  - flutter_js (from `.symlinks/plugins/flutter_js/ios`)
  - rust_lib_post_lens (from `.symlinks/plugins/rust_lib_post_lens/ios`)

EXTERNAL SOURCES:
  Flutter:
    :path: Flutter
  flutter_js:
    :path: ".symlinks/plugins/flutter_js/ios"
  rust_lib_post_lens:
    :path: ".symlinks/plugins/rust_lib_post_lens/ios"

SPEC CHECKSUMS:
  Flutter: cabc95a1d2626b1b06e7179b784ebcf0c0cde467
  flutter_js: 95929d4e146e8ceb1c8e1889d8c2065c5d840076
  rust_lib_post_lens: adecda919fe2dfa69bd1319f8e85fdf714637610

PODFILE CHECKSUM: 3c63482e143d1b91d2d2560aee9fb04ecc74ac7e

COCOAPODS: 1.16.2
